
Microsoft Visual Studio Solution File, Format Version 12.00
# Visual Studio Version 16
VisualStudioVersion = 16.0.31424.327
MinimumVisualStudioVersion = 10.0.40219.1
Project("{FAE04EC0-301F-11D3-BF4B-00C04F79EFBC}") = "ApiLocadora", "ApiLocadora\ApiLocadora.csproj", "{318B4D93-0F35-4E77-9DE4-03AD173F1248}"
EndProject
Global
	GlobalSection(SolutionConfigurationPlatforms) = preSolution
		Debug|Any CPU = Debug|Any CPU
		Release|Any CPU = Release|Any CPU
	EndGlobalSection
	GlobalSection(ProjectConfigurationPlatforms) = postSolution
		{318B4D93-0F35-4E77-9DE4-03AD173F1248}.Debug|Any CPU.ActiveCfg = Debug|Any CPU
		{318B4D93-0F35-4E77-9DE4-03AD173F1248}.Debug|Any CPU.Build.0 = Debug|Any CPU
		{318B4D93-0F35-4E77-9DE4-03AD173F1248}.Release|Any CPU.ActiveCfg = Release|Any CPU
		{318B4D93-0F35-4E77-9DE4-03AD173F1248}.Release|Any CPU.Build.0 = Release|Any CPU
	EndGlobalSection
	GlobalSection(SolutionProperties) = preSolution
		HideSolutionNode = FALSE
	EndGlobalSection
	GlobalSection(ExtensibilityGlobals) = postSolution
		SolutionGuid = {5C540ADF-B4BD-4AC8-9544-B05D1D757CC8}
	EndGlobalSection
EndGlobal
